# This file is generated by running "yarn install" inside your project.
# Manual changes might be lost - proceed with caution!

__metadata:
  version: 8
  cacheKey: 10c0

"@cspotcode/source-map-support@npm:^0.8.0":
  version: 0.8.1
  resolution: "@cspotcode/source-map-support@npm:0.8.1"
  dependencies:
    "@jridgewell/trace-mapping": "npm:0.3.9"
  checksum: 10c0/05c5368c13b662ee4c122c7bfbe5dc0b613416672a829f3e78bc49a357a197e0218d6e74e7c66cfcd04e15a179acab080bd3c69658c9fbefd0e1ccd950a07fc6
  languageName: node
  linkType: hard

"@inquirer/checkbox@npm:^4.1.4":
  version: 4.1.4
  resolution: "@inquirer/checkbox@npm:4.1.4"
  dependencies:
    "@inquirer/core": "npm:^10.1.9"
    "@inquirer/figures": "npm:^1.0.11"
    "@inquirer/type": "npm:^3.0.5"
    ansi-escapes: "npm:^4.3.2"
    yoctocolors-cjs: "npm:^2.1.2"
  peerDependencies:
    "@types/node": ">=18"
  peerDependenciesMeta:
    "@types/node":
      optional: true
  checksum: 10c0/3770c6de7958825d032cfc469a658e0d4f7c15d0acbb00aaebf11d23171acf52cd932a475696afd960f8e09bde882872ae082b54163ccace3592ccd917daa644
  languageName: node
  linkType: hard

"@inquirer/confirm@npm:^5.1.8":
  version: 5.1.8
  resolution: "@inquirer/confirm@npm:5.1.8"
  dependencies:
    "@inquirer/core": "npm:^10.1.9"
    "@inquirer/type": "npm:^3.0.5"
  peerDependencies:
    "@types/node": ">=18"
  peerDependenciesMeta:
    "@types/node":
      optional: true
  checksum: 10c0/e4d3e3ef2c46db3235ead8c149fda442fb7e8ef5049d070803a3d9fbc7bd07a4c67175c66283b545a96944737c4567b4203502482ab3497a0575e35a42f5dcfd
  languageName: node
  linkType: hard

"@inquirer/core@npm:^10.1.9":
  version: 10.1.9
  resolution: "@inquirer/core@npm:10.1.9"
  dependencies:
    "@inquirer/figures": "npm:^1.0.11"
    "@inquirer/type": "npm:^3.0.5"
    ansi-escapes: "npm:^4.3.2"
    cli-width: "npm:^4.1.0"
    mute-stream: "npm:^2.0.0"
    signal-exit: "npm:^4.1.0"
    wrap-ansi: "npm:^6.2.0"
    yoctocolors-cjs: "npm:^2.1.2"
  peerDependencies:
    "@types/node": ">=18"
  peerDependenciesMeta:
    "@types/node":
      optional: true
  checksum: 10c0/36eae788713a9ad67172a86cda9b782481df5663c760dddb0b620292b78374720e6f86b662038e32bcee6fd0ffb4c0ae0c48e84ceb27c7641984a5deff1ade1f
  languageName: node
  linkType: hard

"@inquirer/editor@npm:^4.2.9":
  version: 4.2.9
  resolution: "@inquirer/editor@npm:4.2.9"
  dependencies:
    "@inquirer/core": "npm:^10.1.9"
    "@inquirer/type": "npm:^3.0.5"
    external-editor: "npm:^3.1.0"
  peerDependencies:
    "@types/node": ">=18"
  peerDependenciesMeta:
    "@types/node":
      optional: true
  checksum: 10c0/90d518878a6ee4cc2ff331e8c72a6a7047508723af4bfdd2f4331bdfc4caff59b63c3637a1f1a92e947d7c3744a9bb8fad509e6682f0d8ab7a9a0abe579ac915
  languageName: node
  linkType: hard

"@inquirer/expand@npm:^4.0.11":
  version: 4.0.11
  resolution: "@inquirer/expand@npm:4.0.11"
  dependencies:
    "@inquirer/core": "npm:^10.1.9"
    "@inquirer/type": "npm:^3.0.5"
    yoctocolors-cjs: "npm:^2.1.2"
  peerDependencies:
    "@types/node": ">=18"
  peerDependenciesMeta:
    "@types/node":
      optional: true
  checksum: 10c0/a41da938889980c7d7b736032268339fa7696aaa005554e68366a1453d0658ff365190151df43544f01891864409784281edb241cae673314e6e3b598339e8f4
  languageName: node
  linkType: hard

"@inquirer/figures@npm:^1.0.11":
  version: 1.0.11
  resolution: "@inquirer/figures@npm:1.0.11"
  checksum: 10c0/6270e24eebbe42bbc4e7f8e761e906be66b4896787f31ab3e7484ad271c8edc90bce4ec20e232a5da447aee4fc73803397b2dda8cf645f4f7eea83e773b44e1e
  languageName: node
  linkType: hard

"@inquirer/input@npm:^4.1.8":
  version: 4.1.8
  resolution: "@inquirer/input@npm:4.1.8"
  dependencies:
    "@inquirer/core": "npm:^10.1.9"
    "@inquirer/type": "npm:^3.0.5"
  peerDependencies:
    "@types/node": ">=18"
  peerDependenciesMeta:
    "@types/node":
      optional: true
  checksum: 10c0/07e8de6252c9f69afc2db005e52fdbd3885128173259f1b9e6c8fb9236c61f176fb25ef572df0885c25b9535f78e437b28a0ef68d3222fbd2fa0f443f2936cba
  languageName: node
  linkType: hard

"@inquirer/number@npm:^3.0.11":
  version: 3.0.11
  resolution: "@inquirer/number@npm:3.0.11"
  dependencies:
    "@inquirer/core": "npm:^10.1.9"
    "@inquirer/type": "npm:^3.0.5"
  peerDependencies:
    "@types/node": ">=18"
  peerDependenciesMeta:
    "@types/node":
      optional: true
  checksum: 10c0/185e351c2005d299cef806608895445bfccfe6f525488f4fe9b5d6ad0be9b7a382fba06fe63b13abe72b982254d0dbb53273edb9db0fad769e98e2486cb237ab
  languageName: node
  linkType: hard

"@inquirer/password@npm:^4.0.11":
  version: 4.0.11
  resolution: "@inquirer/password@npm:4.0.11"
  dependencies:
    "@inquirer/core": "npm:^10.1.9"
    "@inquirer/type": "npm:^3.0.5"
    ansi-escapes: "npm:^4.3.2"
  peerDependencies:
    "@types/node": ">=18"
  peerDependenciesMeta:
    "@types/node":
      optional: true
  checksum: 10c0/d355ea4a8407bd1d85ebe31ac2b28391f7b2ad85896553aa00e96f86f81d9929558b1c39585d3a78a16d07f4c3bbb03c06db4e9d17e0740e3879669eef77ea68
  languageName: node
  linkType: hard

"@inquirer/prompts@npm:^7.4.0":
  version: 7.4.0
  resolution: "@inquirer/prompts@npm:7.4.0"
  dependencies:
    "@inquirer/checkbox": "npm:^4.1.4"
    "@inquirer/confirm": "npm:^5.1.8"
    "@inquirer/editor": "npm:^4.2.9"
    "@inquirer/expand": "npm:^4.0.11"
    "@inquirer/input": "npm:^4.1.8"
    "@inquirer/number": "npm:^3.0.11"
    "@inquirer/password": "npm:^4.0.11"
    "@inquirer/rawlist": "npm:^4.0.11"
    "@inquirer/search": "npm:^3.0.11"
    "@inquirer/select": "npm:^4.1.0"
  peerDependencies:
    "@types/node": ">=18"
  peerDependenciesMeta:
    "@types/node":
      optional: true
  checksum: 10c0/fbcb799beb1095274d4d2a33eb0742269cc45e9909ac4c4464b49917b84ac4d011262ac238546e4ad131cb33aa2cb347f42c841ec1c0a7b414e6643613eb90e5
  languageName: node
  linkType: hard

"@inquirer/rawlist@npm:^4.0.11":
  version: 4.0.11
  resolution: "@inquirer/rawlist@npm:4.0.11"
  dependencies:
    "@inquirer/core": "npm:^10.1.9"
    "@inquirer/type": "npm:^3.0.5"
    yoctocolors-cjs: "npm:^2.1.2"
  peerDependencies:
    "@types/node": ">=18"
  peerDependenciesMeta:
    "@types/node":
      optional: true
  checksum: 10c0/d66c9f40770e1ff9e4dc96cf8f91834152d0447dc017d295cef4e4d95fcd73c62112a4ae7c45b26cb6d0109abf297b79c543952e43a620ba32b562465d36aa50
  languageName: node
  linkType: hard

"@inquirer/search@npm:^3.0.11":
  version: 3.0.11
  resolution: "@inquirer/search@npm:3.0.11"
  dependencies:
    "@inquirer/core": "npm:^10.1.9"
    "@inquirer/figures": "npm:^1.0.11"
    "@inquirer/type": "npm:^3.0.5"
    yoctocolors-cjs: "npm:^2.1.2"
  peerDependencies:
    "@types/node": ">=18"
  peerDependenciesMeta:
    "@types/node":
      optional: true
  checksum: 10c0/483812605366c6b716bd9c96cfd701f97c5001bab3a02ce9dd0012e9e1bd2fe43333d8137013b8fd7a7bc224fac4d6fe0c15351a382c4b5e63cbe76bbfd7f01c
  languageName: node
  linkType: hard

"@inquirer/select@npm:^4.1.0":
  version: 4.1.0
  resolution: "@inquirer/select@npm:4.1.0"
  dependencies:
    "@inquirer/core": "npm:^10.1.9"
    "@inquirer/figures": "npm:^1.0.11"
    "@inquirer/type": "npm:^3.0.5"
    ansi-escapes: "npm:^4.3.2"
    yoctocolors-cjs: "npm:^2.1.2"
  peerDependencies:
    "@types/node": ">=18"
  peerDependenciesMeta:
    "@types/node":
      optional: true
  checksum: 10c0/ec3bf89e3441d5cec5a170cfb9b6781a3c7bc4b3d832f41cd6c1cf0befaabba486d1c3975d371c75a11add741ddba585edddf365dbfd96861d856d7a7fbddd8a
  languageName: node
  linkType: hard

"@inquirer/type@npm:^3.0.5":
  version: 3.0.5
  resolution: "@inquirer/type@npm:3.0.5"
  peerDependencies:
    "@types/node": ">=18"
  peerDependenciesMeta:
    "@types/node":
      optional: true
  checksum: 10c0/d6aec3e69bbd5b79ec7e5f4b7b7d2afadd6d6c0566f5fb2b3964a7d72bae89e1736f8d092df15bfdc5cb520678db02f2bde469931c7139e8402ea7ad4d3bdd80
  languageName: node
  linkType: hard

"@jridgewell/resolve-uri@npm:^3.0.3":
  version: 3.1.2
  resolution: "@jridgewell/resolve-uri@npm:3.1.2"
  checksum: 10c0/d502e6fb516b35032331406d4e962c21fe77cdf1cbdb49c6142bcbd9e30507094b18972778a6e27cbad756209cfe34b1a27729e6fa08a2eb92b33943f680cf1e
  languageName: node
  linkType: hard

"@jridgewell/sourcemap-codec@npm:^1.4.10":
  version: 1.5.0
  resolution: "@jridgewell/sourcemap-codec@npm:1.5.0"
  checksum: 10c0/2eb864f276eb1096c3c11da3e9bb518f6d9fc0023c78344cdc037abadc725172c70314bdb360f2d4b7bffec7f5d657ce006816bc5d4ecb35e61b66132db00c18
  languageName: node
  linkType: hard

"@jridgewell/trace-mapping@npm:0.3.9":
  version: 0.3.9
  resolution: "@jridgewell/trace-mapping@npm:0.3.9"
  dependencies:
    "@jridgewell/resolve-uri": "npm:^3.0.3"
    "@jridgewell/sourcemap-codec": "npm:^1.4.10"
  checksum: 10c0/fa425b606d7c7ee5bfa6a31a7b050dd5814b4082f318e0e4190f991902181b4330f43f4805db1dd4f2433fd0ed9cc7a7b9c2683f1deeab1df1b0a98b1e24055b
  languageName: node
  linkType: hard

"@tsconfig/node10@npm:^1.0.7":
  version: 1.0.11
  resolution: "@tsconfig/node10@npm:1.0.11"
  checksum: 10c0/28a0710e5d039e0de484bdf85fee883bfd3f6a8980601f4d44066b0a6bcd821d31c4e231d1117731c4e24268bd4cf2a788a6787c12fc7f8d11014c07d582783c
  languageName: node
  linkType: hard

"@tsconfig/node12@npm:^1.0.7":
  version: 1.0.11
  resolution: "@tsconfig/node12@npm:1.0.11"
  checksum: 10c0/dddca2b553e2bee1308a056705103fc8304e42bb2d2cbd797b84403a223b25c78f2c683ec3e24a095e82cd435387c877239bffcb15a590ba817cd3f6b9a99fd9
  languageName: node
  linkType: hard

"@tsconfig/node14@npm:^1.0.0":
  version: 1.0.3
  resolution: "@tsconfig/node14@npm:1.0.3"
  checksum: 10c0/67c1316d065fdaa32525bc9449ff82c197c4c19092b9663b23213c8cbbf8d88b6ed6a17898e0cbc2711950fbfaf40388938c1c748a2ee89f7234fc9e7fe2bf44
  languageName: node
  linkType: hard

"@tsconfig/node16@npm:^1.0.2":
  version: 1.0.4
  resolution: "@tsconfig/node16@npm:1.0.4"
  checksum: 10c0/05f8f2734e266fb1839eb1d57290df1664fe2aa3b0fdd685a9035806daa635f7519bf6d5d9b33f6e69dd545b8c46bd6e2b5c79acb2b1f146e885f7f11a42a5bb
  languageName: node
  linkType: hard

"@types/node@npm:^22.13.13":
  version: 22.13.13
  resolution: "@types/node@npm:22.13.13"
  dependencies:
    undici-types: "npm:~6.20.0"
  checksum: 10c0/daf792ba5dcff1316abf4b33680f94b792f8d54d6ae495efc8929531e0ba1284a248d29aab117d2259f9280284d986ad5799b193b0516e2b926d713aab835f7d
  languageName: node
  linkType: hard

"@types/prompt-sync@npm:^4.2.3":
  version: 4.2.3
  resolution: "@types/prompt-sync@npm:4.2.3"
  checksum: 10c0/e787a2d99938eba1dbdf94534c9777e0b45aac8aa099364467f576e07b1667b9bf3b3fda7b47333903dee62924174d3d8c0df0c34f371e4c70321fd6966a9840
  languageName: node
  linkType: hard

"acorn-walk@npm:^8.1.1":
  version: 8.3.4
  resolution: "acorn-walk@npm:8.3.4"
  dependencies:
    acorn: "npm:^8.11.0"
  checksum: 10c0/76537ac5fb2c37a64560feaf3342023dadc086c46da57da363e64c6148dc21b57d49ace26f949e225063acb6fb441eabffd89f7a3066de5ad37ab3e328927c62
  languageName: node
  linkType: hard

"acorn@npm:^8.11.0, acorn@npm:^8.4.1":
  version: 8.14.1
  resolution: "acorn@npm:8.14.1"
  bin:
    acorn: bin/acorn
  checksum: 10c0/dbd36c1ed1d2fa3550140000371fcf721578095b18777b85a79df231ca093b08edc6858d75d6e48c73e431c174dcf9214edbd7e6fa5911b93bd8abfa54e47123
  languageName: node
  linkType: hard

"ansi-escapes@npm:^4.3.2":
  version: 4.3.2
  resolution: "ansi-escapes@npm:4.3.2"
  dependencies:
    type-fest: "npm:^0.21.3"
  checksum: 10c0/da917be01871525a3dfcf925ae2977bc59e8c513d4423368645634bf5d4ceba5401574eb705c1e92b79f7292af5a656f78c5725a4b0e1cec97c4b413705c1d50
  languageName: node
  linkType: hard

"ansi-regex@npm:^4.1.0":
  version: 4.1.1
  resolution: "ansi-regex@npm:4.1.1"
  checksum: 10c0/d36d34234d077e8770169d980fed7b2f3724bfa2a01da150ccd75ef9707c80e883d27cdf7a0eac2f145ac1d10a785a8a855cffd05b85f778629a0db62e7033da
  languageName: node
  linkType: hard

"ansi-regex@npm:^5.0.1":
  version: 5.0.1
  resolution: "ansi-regex@npm:5.0.1"
  checksum: 10c0/9a64bb8627b434ba9327b60c027742e5d17ac69277960d041898596271d992d4d52ba7267a63ca10232e29f6107fc8a835f6ce8d719b88c5f8493f8254813737
  languageName: node
  linkType: hard

"ansi-styles@npm:^4.0.0":
  version: 4.3.0
  resolution: "ansi-styles@npm:4.3.0"
  dependencies:
    color-convert: "npm:^2.0.1"
  checksum: 10c0/895a23929da416f2bd3de7e9cb4eabd340949328ab85ddd6e484a637d8f6820d485f53933446f5291c3b760cbc488beb8e88573dd0f9c7daf83dccc8fe81b041
  languageName: node
  linkType: hard

"arg@npm:^4.1.0":
  version: 4.1.3
  resolution: "arg@npm:4.1.3"
  checksum: 10c0/070ff801a9d236a6caa647507bdcc7034530604844d64408149a26b9e87c2f97650055c0f049abd1efc024b334635c01f29e0b632b371ac3f26130f4cf65997a
  languageName: node
  linkType: hard

"chalk@npm:^5.4.1":
  version: 5.4.1
  resolution: "chalk@npm:5.4.1"
  checksum: 10c0/b23e88132c702f4855ca6d25cb5538b1114343e41472d5263ee8a37cccfccd9c4216d111e1097c6a27830407a1dc81fecdf2a56f2c63033d4dbbd88c10b0dcef
  languageName: node
  linkType: hard

"chardet@npm:^0.7.0":
  version: 0.7.0
  resolution: "chardet@npm:0.7.0"
  checksum: 10c0/96e4731b9ec8050cbb56ab684e8c48d6c33f7826b755802d14e3ebfdc51c57afeece3ea39bc6b09acc359e4363525388b915e16640c1378053820f5e70d0f27d
  languageName: node
  linkType: hard

"cli-width@npm:^4.1.0":
  version: 4.1.0
  resolution: "cli-width@npm:4.1.0"
  checksum: 10c0/1fbd56413578f6117abcaf858903ba1f4ad78370a4032f916745fa2c7e390183a9d9029cf837df320b0fdce8137668e522f60a30a5f3d6529ff3872d265a955f
  languageName: node
  linkType: hard

"color-convert@npm:^2.0.1":
  version: 2.0.1
  resolution: "color-convert@npm:2.0.1"
  dependencies:
    color-name: "npm:~1.1.4"
  checksum: 10c0/37e1150172f2e311fe1b2df62c6293a342ee7380da7b9cfdba67ea539909afbd74da27033208d01d6d5cfc65ee7868a22e18d7e7648e004425441c0f8a15a7d7
  languageName: node
  linkType: hard

"color-name@npm:~1.1.4":
  version: 1.1.4
  resolution: "color-name@npm:1.1.4"
  checksum: 10c0/a1a3f914156960902f46f7f56bc62effc6c94e84b2cae157a526b1c1f74b677a47ec602bf68a61abfa2b42d15b7c5651c6dbe72a43af720bc588dff885b10f95
  languageName: node
  linkType: hard

"create-require@npm:^1.1.0":
  version: 1.1.1
  resolution: "create-require@npm:1.1.1"
  checksum: 10c0/157cbc59b2430ae9a90034a5f3a1b398b6738bf510f713edc4d4e45e169bc514d3d99dd34d8d01ca7ae7830b5b8b537e46ae8f3c8f932371b0875c0151d7ec91
  languageName: node
  linkType: hard

"diff@npm:^4.0.1":
  version: 4.0.2
  resolution: "diff@npm:4.0.2"
  checksum: 10c0/81b91f9d39c4eaca068eb0c1eb0e4afbdc5bb2941d197f513dd596b820b956fef43485876226d65d497bebc15666aa2aa82c679e84f65d5f2bfbf14ee46e32c1
  languageName: node
  linkType: hard

"emoji-regex@npm:^8.0.0":
  version: 8.0.0
  resolution: "emoji-regex@npm:8.0.0"
  checksum: 10c0/b6053ad39951c4cf338f9092d7bfba448cdfd46fe6a2a034700b149ac9ffbc137e361cbd3c442297f86bed2e5f7576c1b54cc0a6bf8ef5106cc62f496af35010
  languageName: node
  linkType: hard

"external-editor@npm:^3.1.0":
  version: 3.1.0
  resolution: "external-editor@npm:3.1.0"
  dependencies:
    chardet: "npm:^0.7.0"
    iconv-lite: "npm:^0.4.24"
    tmp: "npm:^0.0.33"
  checksum: 10c0/c98f1ba3efdfa3c561db4447ff366a6adb5c1e2581462522c56a18bf90dfe4da382f9cd1feee3e330108c3595a854b218272539f311ba1b3298f841eb0fbf339
  languageName: node
  linkType: hard

"iconv-lite@npm:^0.4.24":
  version: 0.4.24
  resolution: "iconv-lite@npm:0.4.24"
  dependencies:
    safer-buffer: "npm:>= 2.1.2 < 3"
  checksum: 10c0/c6886a24cc00f2a059767440ec1bc00d334a89f250db8e0f7feb4961c8727118457e27c495ba94d082e51d3baca378726cd110aaf7ded8b9bbfd6a44760cf1d4
  languageName: node
  linkType: hard

"inquirer@npm:^12.5.0":
  version: 12.5.0
  resolution: "inquirer@npm:12.5.0"
  dependencies:
    "@inquirer/core": "npm:^10.1.9"
    "@inquirer/prompts": "npm:^7.4.0"
    "@inquirer/type": "npm:^3.0.5"
    ansi-escapes: "npm:^4.3.2"
    mute-stream: "npm:^2.0.0"
    run-async: "npm:^3.0.0"
    rxjs: "npm:^7.8.2"
  peerDependencies:
    "@types/node": ">=18"
  peerDependenciesMeta:
    "@types/node":
      optional: true
  checksum: 10c0/444a669faadd34eafa2481cbf14a70515d189ca8a8674db8484ef2a5c5d97d05f8cb70f9615905bd31914f64e230c2a6a1fa6378ec004176156e04b29699bbbb
  languageName: node
  linkType: hard

"is-fullwidth-code-point@npm:^3.0.0":
  version: 3.0.0
  resolution: "is-fullwidth-code-point@npm:3.0.0"
  checksum: 10c0/bb11d825e049f38e04c06373a8d72782eee0205bda9d908cc550ccb3c59b99d750ff9537982e01733c1c94a58e35400661f57042158ff5e8f3e90cf936daf0fc
  languageName: node
  linkType: hard

"make-error@npm:^1.1.1":
  version: 1.3.6
  resolution: "make-error@npm:1.3.6"
  checksum: 10c0/171e458d86854c6b3fc46610cfacf0b45149ba043782558c6875d9f42f222124384ad0b468c92e996d815a8a2003817a710c0a160e49c1c394626f76fa45396f
  languageName: node
  linkType: hard

"mute-stream@npm:^2.0.0":
  version: 2.0.0
  resolution: "mute-stream@npm:2.0.0"
  checksum: 10c0/2cf48a2087175c60c8dcdbc619908b49c07f7adcfc37d29236b0c5c612d6204f789104c98cc44d38acab7b3c96f4a3ec2cfdc4934d0738d876dbefa2a12c69f4
  languageName: node
  linkType: hard

"os-tmpdir@npm:~1.0.2":
  version: 1.0.2
  resolution: "os-tmpdir@npm:1.0.2"
  checksum: 10c0/f438450224f8e2687605a8dd318f0db694b6293c5d835ae509a69e97c8de38b6994645337e5577f5001115470414638978cc49da1cdcc25106dad8738dc69990
  languageName: node
  linkType: hard

"projeto1@workspace:.":
  version: 0.0.0-use.local
  resolution: "projeto1@workspace:."
  dependencies:
    "@types/node": "npm:^22.13.13"
    "@types/prompt-sync": "npm:^4.2.3"
    chalk: "npm:^5.4.1"
    inquirer: "npm:^12.5.0"
    prompt-sync: "npm:^4.2.0"
    ts-node: "npm:^10.9.2"
    typescript: "npm:^5.8.2"
  languageName: unknown
  linkType: soft

"prompt-sync@npm:^4.2.0":
  version: 4.2.0
  resolution: "prompt-sync@npm:4.2.0"
  dependencies:
    strip-ansi: "npm:^5.0.0"
  checksum: 10c0/1312154b8d84c7487b734afdc5d9f7e092ac7a3a303aec8dfd3ba680502374f5942ca501943c6314ae77979aa4dcd3c6cd03db5da6ac7e4531d384c9740261ad
  languageName: node
  linkType: hard

"run-async@npm:^3.0.0":
  version: 3.0.0
  resolution: "run-async@npm:3.0.0"
  checksum: 10c0/b18b562ae37c3020083dcaae29642e4cc360c824fbfb6b7d50d809a9d5227bb986152d09310255842c8dce40526e82ca768f02f00806c91ba92a8dfa6159cb85
  languageName: node
  linkType: hard

"rxjs@npm:^7.8.2":
  version: 7.8.2
  resolution: "rxjs@npm:7.8.2"
  dependencies:
    tslib: "npm:^2.1.0"
  checksum: 10c0/1fcd33d2066ada98ba8f21fcbbcaee9f0b271de1d38dc7f4e256bfbc6ffcdde68c8bfb69093de7eeb46f24b1fb820620bf0223706cff26b4ab99a7ff7b2e2c45
  languageName: node
  linkType: hard

"safer-buffer@npm:>= 2.1.2 < 3":
  version: 2.1.2
  resolution: "safer-buffer@npm:2.1.2"
  checksum: 10c0/7e3c8b2e88a1841c9671094bbaeebd94448111dd90a81a1f606f3f67708a6ec57763b3b47f06da09fc6054193e0e6709e77325415dc8422b04497a8070fa02d4
  languageName: node
  linkType: hard

"signal-exit@npm:^4.1.0":
  version: 4.1.0
  resolution: "signal-exit@npm:4.1.0"
  checksum: 10c0/41602dce540e46d599edba9d9860193398d135f7ff72cab629db5171516cfae628d21e7bfccde1bbfdf11c48726bc2a6d1a8fb8701125852fbfda7cf19c6aa83
  languageName: node
  linkType: hard

"string-width@npm:^4.1.0":
  version: 4.2.3
  resolution: "string-width@npm:4.2.3"
  dependencies:
    emoji-regex: "npm:^8.0.0"
    is-fullwidth-code-point: "npm:^3.0.0"
    strip-ansi: "npm:^6.0.1"
  checksum: 10c0/1e525e92e5eae0afd7454086eed9c818ee84374bb80328fc41217ae72ff5f065ef1c9d7f72da41de40c75fa8bb3dee63d92373fd492c84260a552c636392a47b
  languageName: node
  linkType: hard

"strip-ansi@npm:^5.0.0":
  version: 5.2.0
  resolution: "strip-ansi@npm:5.2.0"
  dependencies:
    ansi-regex: "npm:^4.1.0"
  checksum: 10c0/de4658c8a097ce3b15955bc6008f67c0790f85748bdc025b7bc8c52c7aee94bc4f9e50624516150ed173c3db72d851826cd57e7a85fe4e4bb6dbbebd5d297fdf
  languageName: node
  linkType: hard

"strip-ansi@npm:^6.0.0, strip-ansi@npm:^6.0.1":
  version: 6.0.1
  resolution: "strip-ansi@npm:6.0.1"
  dependencies:
    ansi-regex: "npm:^5.0.1"
  checksum: 10c0/1ae5f212a126fe5b167707f716942490e3933085a5ff6c008ab97ab2f272c8025d3aa218b7bd6ab25729ca20cc81cddb252102f8751e13482a5199e873680952
  languageName: node
  linkType: hard

"tmp@npm:^0.0.33":
  version: 0.0.33
  resolution: "tmp@npm:0.0.33"
  dependencies:
    os-tmpdir: "npm:~1.0.2"
  checksum: 10c0/69863947b8c29cabad43fe0ce65cec5bb4b481d15d4b4b21e036b060b3edbf3bc7a5541de1bacb437bb3f7c4538f669752627fdf9b4aaf034cebd172ba373408
  languageName: node
  linkType: hard

"ts-node@npm:^10.9.2":
  version: 10.9.2
  resolution: "ts-node@npm:10.9.2"
  dependencies:
    "@cspotcode/source-map-support": "npm:^0.8.0"
    "@tsconfig/node10": "npm:^1.0.7"
    "@tsconfig/node12": "npm:^1.0.7"
    "@tsconfig/node14": "npm:^1.0.0"
    "@tsconfig/node16": "npm:^1.0.2"
    acorn: "npm:^8.4.1"
    acorn-walk: "npm:^8.1.1"
    arg: "npm:^4.1.0"
    create-require: "npm:^1.1.0"
    diff: "npm:^4.0.1"
    make-error: "npm:^1.1.1"
    v8-compile-cache-lib: "npm:^3.0.1"
    yn: "npm:3.1.1"
  peerDependencies:
    "@swc/core": ">=1.2.50"
    "@swc/wasm": ">=1.2.50"
    "@types/node": "*"
    typescript: ">=2.7"
  peerDependenciesMeta:
    "@swc/core":
      optional: true
    "@swc/wasm":
      optional: true
  bin:
    ts-node: dist/bin.js
    ts-node-cwd: dist/bin-cwd.js
    ts-node-esm: dist/bin-esm.js
    ts-node-script: dist/bin-script.js
    ts-node-transpile-only: dist/bin-transpile.js
    ts-script: dist/bin-script-deprecated.js
  checksum: 10c0/5f29938489f96982a25ba650b64218e83a3357d76f7bede80195c65ab44ad279c8357264639b7abdd5d7e75fc269a83daa0e9c62fd8637a3def67254ecc9ddc2
  languageName: node
  linkType: hard

"tslib@npm:^2.1.0":
  version: 2.8.1
  resolution: "tslib@npm:2.8.1"
  checksum: 10c0/9c4759110a19c53f992d9aae23aac5ced636e99887b51b9e61def52611732872ff7668757d4e4c61f19691e36f4da981cd9485e869b4a7408d689f6bf1f14e62
  languageName: node
  linkType: hard

"type-fest@npm:^0.21.3":
  version: 0.21.3
  resolution: "type-fest@npm:0.21.3"
  checksum: 10c0/902bd57bfa30d51d4779b641c2bc403cdf1371fb9c91d3c058b0133694fcfdb817aef07a47f40faf79039eecbaa39ee9d3c532deff244f3a19ce68cea71a61e8
  languageName: node
  linkType: hard

"typescript@npm:^5.8.2":
  version: 5.8.2
  resolution: "typescript@npm:5.8.2"
  bin:
    tsc: bin/tsc
    tsserver: bin/tsserver
  checksum: 10c0/5c4f6fbf1c6389b6928fe7b8fcd5dc73bb2d58cd4e3883f1d774ed5bd83b151cbac6b7ecf11723de56d4676daeba8713894b1e9af56174f2f9780ae7848ec3c6
  languageName: node
  linkType: hard

"typescript@patch:typescript@npm%3A^5.8.2#optional!builtin<compat/typescript>":
  version: 5.8.2
  resolution: "typescript@patch:typescript@npm%3A5.8.2#optional!builtin<compat/typescript>::version=5.8.2&hash=5786d5"
  bin:
    tsc: bin/tsc
    tsserver: bin/tsserver
  checksum: 10c0/5448a08e595cc558ab321e49d4cac64fb43d1fa106584f6ff9a8d8e592111b373a995a1d5c7f3046211c8a37201eb6d0f1566f15cdb7a62a5e3be01d087848e2
  languageName: node
  linkType: hard

"undici-types@npm:~6.20.0":
  version: 6.20.0
  resolution: "undici-types@npm:6.20.0"
  checksum: 10c0/68e659a98898d6a836a9a59e6adf14a5d799707f5ea629433e025ac90d239f75e408e2e5ff086afc3cace26f8b26ee52155293564593fbb4a2f666af57fc59bf
  languageName: node
  linkType: hard

"v8-compile-cache-lib@npm:^3.0.1":
  version: 3.0.1
  resolution: "v8-compile-cache-lib@npm:3.0.1"
  checksum: 10c0/bdc36fb8095d3b41df197f5fb6f11e3a26adf4059df3213e3baa93810d8f0cc76f9a74aaefc18b73e91fe7e19154ed6f134eda6fded2e0f1c8d2272ed2d2d391
  languageName: node
  linkType: hard

"wrap-ansi@npm:^6.2.0":
  version: 6.2.0
  resolution: "wrap-ansi@npm:6.2.0"
  dependencies:
    ansi-styles: "npm:^4.0.0"
    string-width: "npm:^4.1.0"
    strip-ansi: "npm:^6.0.0"
  checksum: 10c0/baad244e6e33335ea24e86e51868fe6823626e3a3c88d9a6674642afff1d34d9a154c917e74af8d845fd25d170c4ea9cf69a47133c3f3656e1252b3d462d9f6c
  languageName: node
  linkType: hard

"yn@npm:3.1.1":
  version: 3.1.1
  resolution: "yn@npm:3.1.1"
  checksum: 10c0/0732468dd7622ed8a274f640f191f3eaf1f39d5349a1b72836df484998d7d9807fbea094e2f5486d6b0cd2414aad5775972df0e68f8604db89a239f0f4bf7443
  languageName: node
  linkType: hard

"yoctocolors-cjs@npm:^2.1.2":
  version: 2.1.2
  resolution: "yoctocolors-cjs@npm:2.1.2"
  checksum: 10c0/a0e36eb88fea2c7981eab22d1ba45e15d8d268626e6c4143305e2c1628fa17ebfaa40cd306161a8ce04c0a60ee0262058eab12567493d5eb1409780853454c6f
  languageName: node
  linkType: hard
